{
  "name": "app",
  "lockfileVersion": 3,
  "requires": true,
  "packages": {
    "": {
      "dependencies": {
        "@material/web": "^1.0.1",
        "bootstrap": "^5.3.2"
      }
    },
    "node_modules/@lit-labs/ssr-dom-shim": {
      "version": "1.1.2",
      "resolved": "https://registry.npmjs.org/@lit-labs/ssr-dom-shim/-/ssr-dom-shim-1.1.2.tgz",
      "integrity": "sha512-jnOD+/+dSrfTWYfSXBXlo5l5f0q1UuJo3tkbMDCYA2lKUYq79jaxqtGEvnRoh049nt1vdo1+45RinipU6FGY2g=="
    },
    "node_modules/@lit/reactive-element": {
      "version": "2.0.1",
      "resolved": "https://registry.npmjs.org/@lit/reactive-element/-/reactive-element-2.0.1.tgz",
      "integrity": "sha512-eu50SQXHRthFwWJMp0oAFg95Rvm6MTPjxSXWuvAu7It90WVFLFpNBoIno7XOXSDvVgTrtKnUV4OLJqys2Svn4g==",
      "dependencies": {
        "@lit-labs/ssr-dom-shim": "^1.1.2"
      }
    },
    "node_modules/@material/web": {
      "version": "1.0.1",
      "resolved": "https://registry.npmjs.org/@material/web/-/web-1.0.1.tgz",
      "integrity": "sha512-AilQTWdp+lgPzoUGNj/CyrMsULLdzhHiiYs6XXSIpX/t/eGQkiPP4CAwvjqANuV+YZC0hLIo+s64BIgZo8Ghkw==",
      "dependencies": {
        "lit": "^2.7.4 || ^3.0.0",
        "tslib": "^2.4.0"
      }
    },
    "node_modules/@popperjs/core": {
      "version": "2.11.8",
      "resolved": "https://registry.npmjs.org/@popperjs/core/-/core-2.11.8.tgz",
      "integrity": "sha512-P1st0aksCrn9sGZhp8GMYwBnQsbvAWsZAX44oXNNvLHGqAOcoVxmjZiohstwQ7SqKnbR47akdNi+uleWD8+g6A==",
      "peer": true,
      "funding": {
        "type": "opencollective",
        "url": "https://opencollective.com/popperjs"
      }
    },
    "node_modules/@types/trusted-types": {
      "version": "2.0.5",
      "resolved": "https://registry.npmjs.org/@types/trusted-types/-/trusted-types-2.0.5.tgz",
      "integrity": "sha512-I3pkr8j/6tmQtKV/ZzHtuaqYSQvyjGRKH4go60Rr0IDLlFxuRT5V32uvB1mecM5G1EVAUyF/4r4QZ1GHgz+mxA=="
    },
    "node_modules/bootstrap": {
      "version": "5.3.2",
      "resolved": "https://registry.npmjs.org/bootstrap/-/bootstrap-5.3.2.tgz",
      "integrity": "sha512-D32nmNWiQHo94BKHLmOrdjlL05q1c8oxbtBphQFb9Z5to6eGRDCm0QgeaZ4zFBHzfg2++rqa2JkqCcxDy0sH0g==",
      "funding": [
        {
          "type": "github",
          "url": "https://github.com/sponsors/twbs"
        },
        {
          "type": "opencollective",
          "url": "https://opencollective.com/bootstrap"
        }
      ],
      "peerDependencies": {
        "@popperjs/core": "^2.11.8"
      }
    },
    "node_modules/lit": {
      "version": "3.0.1",
      "resolved": "https://registry.npmjs.org/lit/-/lit-3.0.1.tgz",
      "integrity": "sha512-CYFv7/gwrs6bfPm299O9LD/HB4dgHvsEf/yqUOI//fi469i2OrT4xaptUcmhr05DNQEgsBFecFH8EJnN5So8oQ==",
      "dependencies": {
        "@lit/reactive-element": "^2.0.0",
        "lit-element": "^4.0.0",
        "lit-html": "^3.0.0"
      }
    },
    "node_modules/lit-element": {
      "version": "4.0.1",
      "resolved": "https://registry.npmjs.org/lit-element/-/lit-element-4.0.1.tgz",
      "integrity": "sha512-OxRMJem4HKZt0320HplLkBPoi4KHiEHoPHKd8Lzf07ZQVAOKIjZ32yPLRKRDEolFU1RgrQBfSHQMoxKZ72V3Kw==",
      "dependencies": {
        "@lit-labs/ssr-dom-shim": "^1.1.2",
        "@lit/reactive-element": "^2.0.0",
        "lit-html": "^3.0.0"
      }
    },
    "node_modules/lit-html": {
      "version": "3.0.1",
      "resolved": "https://registry.npmjs.org/lit-html/-/lit-html-3.0.1.tgz",
      "integrity": "sha512-1nmGaNNQg9rBvE1yJ6oS3ZNbLs3FXtlG4+jgGkix8O740qVEwwiFVTgDGIIH8N5TcQ8V9tBk5T+sxqBgffcjJg==",
      "dependencies": {
        "@types/trusted-types": "^2.0.2"
      }
    },
    "node_modules/tslib": {
      "version": "2.6.2",
      "resolved": "https://registry.npmjs.org/tslib/-/tslib-2.6.2.tgz",
      "integrity": "sha512-AEYxH93jGFPn/a2iVAwW87VuUIkR1FVUKB77NwMF7nBTDkDrrT/Hpt/IrCJ0QXhW27jTBDcf5ZY7w6RiqTMw2Q=="
    }
  }
}
